<Solution>
  <Folder Name="/1.Presentacion/">
    <Project Path="Console/Console.csproj" />
    <Project Path="InmobiliariaAspCore/InmobiliariaAspCore.csproj" Id="36a8b8e1-ff83-458d-8ce0-943e596d7c1d" />
    <Project Path="LibPresentacion/LibPresentacion.csproj" Id="937585fe-3b46-41be-865f-5b9c4970b76d" />
  </Folder>
  <Folder Name="/2.Servicio/" />
  <Folder Name="/2.Servicio/2.1Libreria/">
    <Project Path="LibInmobiliaria/LibInmobiliaria.csproj" />
  </Folder>
  <Folder Name="/3.PruebasUnitarias/">
    <Project Path="PruebasUnitarias/PruebasUnitarias.csproj" Id="5a46e831-8a58-4a81-b2a4-f3787ee715cf" />
    <Project Path="PruebasUnitariasComunicaciones/PruebasUnitariasComunicaciones.csproj" Id="186d24e5-86c1-4784-af5a-e0a5358881ef" />
  </Folder>
  <Folder Name="/4. APIs/">
    <Project Path="Inmobiliaria.Api/Inmobiliaria.Api.csproj" Id="ad0dbb03-6de9-4526-bbe8-7bc23f0fea98" />
  </Folder>
  <Folder Name="/5.Compartidos/">
    <Project Path="LibModelos/LibModelos.csproj" Id="0c0dc363-2218-4f44-a316-f553ea421125" />
  </Folder>
</Solution>
