<Solution>
  <Folder Name="/1.Presentacion/">
    <Project Path="Console/Console.csproj" />
    <Project Path="LibPresentacion/LibPresentacion.csproj" Id="937585fe-3b46-41be-865f-5b9c4970b76d" />
  </Folder>
  <Folder Name="/2.Servicio/" />
  <Folder Name="/2.Servicio/2.1Libreria/">
    <Project Path="LibInmobiliaria/LibInmobiliaria.csproj" />
  </Folder>
  <Folder Name="/3.PruebasUnitarias/">
    <Project Path="PruebasUnitarias/PruebasUnitarias.csproj" Id="5a46e831-8a58-4a81-b2a4-f3787ee715cf" />
  </Folder>
  <Folder Name="/4. APIs/">
    <Project Path="Inmobiliaria.Api/Inmobiliaria.Api.csproj" Id="ad0dbb03-6de9-4526-bbe8-7bc23f0fea98" />
  </Folder>
</Solution>
